
Microsoft Visual Studio Solution File, Format Version 12.00
# Visual Studio 15
VisualStudioVersion = 15.0.28307.168
MinimumVisualStudioVersion = 10.0.40219.1
Project("{FAE04EC0-301F-11D3-BF4B-00C04F79EFBC}") = "Magic", "Magic\Magic.csproj", "{F5A7EE08-21DE-460F-BDFF-1F3A6340E74A}"
EndProject
Global
	GlobalSection(SolutionConfigurationPlatforms) = preSolution
		Debug|Any CPU = Debug|Any CPU
		Release|Any CPU = Release|Any CPU
	EndGlobalSection
	GlobalSection(ProjectConfigurationPlatforms) = postSolution
		{F5A7EE08-21DE-460F-BDFF-1F3A6340E74A}.Debug|Any CPU.ActiveCfg = Debug|Any CPU
		{F5A7EE08-21DE-460F-BDFF-1F3A6340E74A}.Debug|Any CPU.Build.0 = Debug|Any CPU
		{F5A7EE08-21DE-460F-BDFF-1F3A6340E74A}.Release|Any CPU.ActiveCfg = Release|Any CPU
		{F5A7EE08-21DE-460F-BDFF-1F3A6340E74A}.Release|Any CPU.Build.0 = Release|Any CPU
	EndGlobalSection
	GlobalSection(SolutionProperties) = preSolution
		HideSolutionNode = FALSE
	EndGlobalSection
	GlobalSection(ExtensibilityGlobals) = postSolution
		SolutionGuid = {7864548B-6C15-464F-BB0E-A971E0B73BEB}
	EndGlobalSection
EndGlobal
